# THIS IS AN AUTOGENERATED FILE. DO NOT EDIT THIS FILE DIRECTLY.
# yarn lockfile v1


"@tsconfig/svelte@^3.0.0":
  version "3.0.0"
  resolved "https://registry.yarnpkg.com/@tsconfig/svelte/-/svelte-3.0.0.tgz#b06e059209f04c414de0069f2f0e2796d979fc6f"
  integrity sha512-pYrtLtOwku/7r1i9AMONsJMVYAtk3hzOfiGNekhtq5tYBGA7unMve8RvUclKLMT3PrihvJqUmzsRGh0RP84hKg==
